
Microsoft Visual Studio Solution File, Format Version 12.00
# Visual Studio Version 16
VisualStudioVersion = 16.0.31005.135
MinimumVisualStudioVersion = 10.0.40219.1
Project("{888888A0-9F3D-457C-B088-3A5042F75D52}") = "voice reader", "voice reader\voice reader.pyproj", "{E24B16E3-7F26-4A09-8D9E-65272901F45D}"
EndProject
Global
	GlobalSection(SolutionConfigurationPlatforms) = preSolution
		Debug|Any CPU = Debug|Any CPU
		Release|Any CPU = Release|Any CPU
	EndGlobalSection
	GlobalSection(ProjectConfigurationPlatforms) = postSolution
		{E24B16E3-7F26-4A09-8D9E-65272901F45D}.Debug|Any CPU.ActiveCfg = Debug|Any CPU
		{E24B16E3-7F26-4A09-8D9E-65272901F45D}.Release|Any CPU.ActiveCfg = Release|Any CPU
	EndGlobalSection
	GlobalSection(SolutionProperties) = preSolution
		HideSolutionNode = FALSE
	EndGlobalSection
	GlobalSection(ExtensibilityGlobals) = postSolution
		SolutionGuid = {9BA52C06-DF0E-44D3-9A13-00E926397934}
	EndGlobalSection
EndGlobal
